
Microsoft Visual Studio Solution File, Format Version 12.00
# Visual Studio Version 17
VisualStudioVersion = 17.8.34525.116
MinimumVisualStudioVersion = 10.0.40219.1
Project("{9A19103F-16F7-4668-BE54-9A1E7A4F7556}") = "TripBuddy", "TripBuddy\TripBuddy.csproj", "{39CB5E27-779E-4A04-A9F8-7A3297FEA645}"
EndProject
Global
	GlobalSection(SolutionConfigurationPlatforms) = preSolution
		Debug|Any CPU = Debug|Any CPU
		Release|Any CPU = Release|Any CPU
	EndGlobalSection
	GlobalSection(ProjectConfigurationPlatforms) = postSolution
		{39CB5E27-779E-4A04-A9F8-7A3297FEA645}.Debug|Any CPU.ActiveCfg = Debug|Any CPU
		{39CB5E27-779E-4A04-A9F8-7A3297FEA645}.Debug|Any CPU.Build.0 = Debug|Any CPU
		{39CB5E27-779E-4A04-A9F8-7A3297FEA645}.Debug|Any CPU.Deploy.0 = Debug|Any CPU
		{39CB5E27-779E-4A04-A9F8-7A3297FEA645}.Release|Any CPU.ActiveCfg = Release|Any CPU
		{39CB5E27-779E-4A04-A9F8-7A3297FEA645}.Release|Any CPU.Build.0 = Release|Any CPU
		{39CB5E27-779E-4A04-A9F8-7A3297FEA645}.Release|Any CPU.Deploy.0 = Release|Any CPU
	EndGlobalSection
	GlobalSection(SolutionProperties) = preSolution
		HideSolutionNode = FALSE
	EndGlobalSection
	GlobalSection(ExtensibilityGlobals) = postSolution
		SolutionGuid = {12A62FCE-0981-441C-B606-E464111B13CA}
	EndGlobalSection
EndGlobal
